
Microsoft Visual Studio Solution File, Format Version 12.00
# Visual Studio 15
VisualStudioVersion = 15.0.27130.2026
MinimumVisualStudioVersion = 10.0.40219.1
Project("{FAE04EC0-301F-11D3-BF4B-00C04F79EFBC}") = "Sender", "Sender\Sender.csproj", "{C3A42EB2-3464-4CF8-B681-77AF8E763932}"
EndProject
Project("{FAE04EC0-301F-11D3-BF4B-00C04F79EFBC}") = "Receiver", "Receiver\Receiver.csproj", "{FAD6DF54-EF97-4047-BAE4-5552672F0AEF}"
EndProject
Project("{FAE04EC0-301F-11D3-BF4B-00C04F79EFBC}") = "Host", "Host\Host.csproj", "{598D97C2-1FE8-400B-AE17-1163F2E1B824}"
EndProject
Project("{2150E333-8FDC-42A3-9474-1A3956D46DE8}") = "Tests", "Tests", "{033AC1E7-3F1E-4164-82A8-F47024353AB6}"
EndProject
Project("{FAE04EC0-301F-11D3-BF4B-00C04F79EFBC}") = "HostTests", "HostTests\HostTests.csproj", "{1B590FF8-61BB-405F-870A-90FC01029530}"
EndProject
Project("{FAE04EC0-301F-11D3-BF4B-00C04F79EFBC}") = "ReceiverTests", "ReceiverTests\ReceiverTests.csproj", "{158A390A-053B-4BB0-9689-B8EEA3C52499}"
EndProject
Project("{FAE04EC0-301F-11D3-BF4B-00C04F79EFBC}") = "SenderTests", "SenderTests\SenderTests.csproj", "{2A32D44E-6811-45A9-93ED-0ADE3B97DC5F}"
EndProject
Global
	GlobalSection(SolutionConfigurationPlatforms) = preSolution
		Debug|Any CPU = Debug|Any CPU
		Release|Any CPU = Release|Any CPU
	EndGlobalSection
	GlobalSection(ProjectConfigurationPlatforms) = postSolution
		{C3A42EB2-3464-4CF8-B681-77AF8E763932}.Debug|Any CPU.ActiveCfg = Debug|Any CPU
		{C3A42EB2-3464-4CF8-B681-77AF8E763932}.Debug|Any CPU.Build.0 = Debug|Any CPU
		{C3A42EB2-3464-4CF8-B681-77AF8E763932}.Release|Any CPU.ActiveCfg = Release|Any CPU
		{C3A42EB2-3464-4CF8-B681-77AF8E763932}.Release|Any CPU.Build.0 = Release|Any CPU
		{FAD6DF54-EF97-4047-BAE4-5552672F0AEF}.Debug|Any CPU.ActiveCfg = Debug|Any CPU
		{FAD6DF54-EF97-4047-BAE4-5552672F0AEF}.Debug|Any CPU.Build.0 = Debug|Any CPU
		{FAD6DF54-EF97-4047-BAE4-5552672F0AEF}.Release|Any CPU.ActiveCfg = Release|Any CPU
		{FAD6DF54-EF97-4047-BAE4-5552672F0AEF}.Release|Any CPU.Build.0 = Release|Any CPU
		{598D97C2-1FE8-400B-AE17-1163F2E1B824}.Debug|Any CPU.ActiveCfg = Debug|Any CPU
		{598D97C2-1FE8-400B-AE17-1163F2E1B824}.Debug|Any CPU.Build.0 = Debug|Any CPU
		{598D97C2-1FE8-400B-AE17-1163F2E1B824}.Release|Any CPU.ActiveCfg = Release|Any CPU
		{598D97C2-1FE8-400B-AE17-1163F2E1B824}.Release|Any CPU.Build.0 = Release|Any CPU
		{1B590FF8-61BB-405F-870A-90FC01029530}.Debug|Any CPU.ActiveCfg = Debug|Any CPU
		{1B590FF8-61BB-405F-870A-90FC01029530}.Debug|Any CPU.Build.0 = Debug|Any CPU
		{1B590FF8-61BB-405F-870A-90FC01029530}.Release|Any CPU.ActiveCfg = Release|Any CPU
		{1B590FF8-61BB-405F-870A-90FC01029530}.Release|Any CPU.Build.0 = Release|Any CPU
		{158A390A-053B-4BB0-9689-B8EEA3C52499}.Debug|Any CPU.ActiveCfg = Debug|Any CPU
		{158A390A-053B-4BB0-9689-B8EEA3C52499}.Debug|Any CPU.Build.0 = Debug|Any CPU
		{158A390A-053B-4BB0-9689-B8EEA3C52499}.Release|Any CPU.ActiveCfg = Release|Any CPU
		{158A390A-053B-4BB0-9689-B8EEA3C52499}.Release|Any CPU.Build.0 = Release|Any CPU
		{2A32D44E-6811-45A9-93ED-0ADE3B97DC5F}.Debug|Any CPU.ActiveCfg = Debug|Any CPU
		{2A32D44E-6811-45A9-93ED-0ADE3B97DC5F}.Debug|Any CPU.Build.0 = Debug|Any CPU
		{2A32D44E-6811-45A9-93ED-0ADE3B97DC5F}.Release|Any CPU.ActiveCfg = Release|Any CPU
		{2A32D44E-6811-45A9-93ED-0ADE3B97DC5F}.Release|Any CPU.Build.0 = Release|Any CPU
	EndGlobalSection
	GlobalSection(SolutionProperties) = preSolution
		HideSolutionNode = FALSE
	EndGlobalSection
	GlobalSection(NestedProjects) = preSolution
		{1B590FF8-61BB-405F-870A-90FC01029530} = {033AC1E7-3F1E-4164-82A8-F47024353AB6}
		{158A390A-053B-4BB0-9689-B8EEA3C52499} = {033AC1E7-3F1E-4164-82A8-F47024353AB6}
		{2A32D44E-6811-45A9-93ED-0ADE3B97DC5F} = {033AC1E7-3F1E-4164-82A8-F47024353AB6}
	EndGlobalSection
	GlobalSection(ExtensibilityGlobals) = postSolution
		SolutionGuid = {3AB94A8E-4673-4148-B09B-C2D1947360D1}
	EndGlobalSection
EndGlobal
